PODS:
  - RxCocoa (3.5.0):
    - RxSwift (~> 3.4)
  - RxDataSources (1.0.3):
    - RxCocoa (~> 3.0)
    - RxSwift (~> 3.0)
  - RxSwift (3.5.0)

DEPENDENCIES:
  - RxCocoa
  - RxDataSources
  - RxSwift

SPEC CHECKSUMS:
  RxCocoa: a0a09f45d0e5b48ecb6a4a7b4b4c89c88d3f633f
  RxDataSources: a021a0e944ba5f7991259829d973afdbfa719c0b
  RxSwift: 18ee9d78b45edb3b0b7e79916b47a116e6dbc842

PODFILE CHECKSUM: f64b1675cadacabebed8ac441cd33ebe62516671

COCOAPODS: 1.2.0
